
Microsoft Visual Studio Solution File, Format Version 12.00
# Visual Studio 15
VisualStudioVersion = 15.0.28010.2048
MinimumVisualStudioVersion = 10.0.40219.1
Project("{FAE04EC0-301F-11D3-BF4B-00C04F79EFBC}") = "Torq.DataAccess", "Torq.DataAccess\Torq.DataAccess.csproj", "{8A403FE5-1721-4C58-9DF0-4C30BB9FD784}"
EndProject
Project("{FAE04EC0-301F-11D3-BF4B-00C04F79EFBC}") = "Torq.Models", "Torq.Models\Torq.Models.csproj", "{AFCEE637-D44D-4F8A-A5B2-DFF14A6AC320}"
EndProject
Project("{FAE04EC0-301F-11D3-BF4B-00C04F79EFBC}") = "Torq.DataService", "Torq.DataService\Torq.DataService.csproj", "{2BF82A0C-3184-4C31-AC1D-4D04B2E80F87}"
EndProject
Project("{FAE04EC0-301F-11D3-BF4B-00C04F79EFBC}") = "Torq.WPF", "Torq.WPF\Torq.WPF.csproj", "{BD21D0B4-EA04-485B-AAB5-ED80D6C61342}"
EndProject
Project("{FAE04EC0-301F-11D3-BF4B-00C04F79EFBC}") = "Torq.MVC", "Torq.MVC\Torq.MVC.csproj", "{5A62D800-0B0C-4884-A44A-FAB922F9A54A}"
EndProject
Project("{FAE04EC0-301F-11D3-BF4B-00C04F79EFBC}") = "Torq.MVC.Tests", "Torq.MVC.Tests\Torq.MVC.Tests.csproj", "{4AAEFC53-E5D7-4C52-85CD-8720459EB0CC}"
EndProject
Project("{FAE04EC0-301F-11D3-BF4B-00C04F79EFBC}") = "Torq.MethodLiberary", "Torq.MethodLiberary\Torq.MethodLiberary.csproj", "{77D6BF07-D4AB-4350-9862-FB9D27090424}"
EndProject
Global
	GlobalSection(SolutionConfigurationPlatforms) = preSolution
		Debug|Any CPU = Debug|Any CPU
		Release|Any CPU = Release|Any CPU
	EndGlobalSection
	GlobalSection(ProjectConfigurationPlatforms) = postSolution
		{8A403FE5-1721-4C58-9DF0-4C30BB9FD784}.Debug|Any CPU.ActiveCfg = Debug|Any CPU
		{8A403FE5-1721-4C58-9DF0-4C30BB9FD784}.Debug|Any CPU.Build.0 = Debug|Any CPU
		{8A403FE5-1721-4C58-9DF0-4C30BB9FD784}.Release|Any CPU.ActiveCfg = Release|Any CPU
		{8A403FE5-1721-4C58-9DF0-4C30BB9FD784}.Release|Any CPU.Build.0 = Release|Any CPU
		{AFCEE637-D44D-4F8A-A5B2-DFF14A6AC320}.Debug|Any CPU.ActiveCfg = Debug|Any CPU
		{AFCEE637-D44D-4F8A-A5B2-DFF14A6AC320}.Debug|Any CPU.Build.0 = Debug|Any CPU
		{AFCEE637-D44D-4F8A-A5B2-DFF14A6AC320}.Release|Any CPU.ActiveCfg = Release|Any CPU
		{AFCEE637-D44D-4F8A-A5B2-DFF14A6AC320}.Release|Any CPU.Build.0 = Release|Any CPU
		{2BF82A0C-3184-4C31-AC1D-4D04B2E80F87}.Debug|Any CPU.ActiveCfg = Debug|Any CPU
		{2BF82A0C-3184-4C31-AC1D-4D04B2E80F87}.Debug|Any CPU.Build.0 = Debug|Any CPU
		{2BF82A0C-3184-4C31-AC1D-4D04B2E80F87}.Release|Any CPU.ActiveCfg = Release|Any CPU
		{2BF82A0C-3184-4C31-AC1D-4D04B2E80F87}.Release|Any CPU.Build.0 = Release|Any CPU
		{BD21D0B4-EA04-485B-AAB5-ED80D6C61342}.Debug|Any CPU.ActiveCfg = Debug|Any CPU
		{BD21D0B4-EA04-485B-AAB5-ED80D6C61342}.Debug|Any CPU.Build.0 = Debug|Any CPU
		{BD21D0B4-EA04-485B-AAB5-ED80D6C61342}.Release|Any CPU.ActiveCfg = Release|Any CPU
		{BD21D0B4-EA04-485B-AAB5-ED80D6C61342}.Release|Any CPU.Build.0 = Release|Any CPU
		{5A62D800-0B0C-4884-A44A-FAB922F9A54A}.Debug|Any CPU.ActiveCfg = Debug|Any CPU
		{5A62D800-0B0C-4884-A44A-FAB922F9A54A}.Debug|Any CPU.Build.0 = Debug|Any CPU
		{5A62D800-0B0C-4884-A44A-FAB922F9A54A}.Release|Any CPU.ActiveCfg = Release|Any CPU
		{5A62D800-0B0C-4884-A44A-FAB922F9A54A}.Release|Any CPU.Build.0 = Release|Any CPU
		{4AAEFC53-E5D7-4C52-85CD-8720459EB0CC}.Debug|Any CPU.ActiveCfg = Debug|Any CPU
		{4AAEFC53-E5D7-4C52-85CD-8720459EB0CC}.Debug|Any CPU.Build.0 = Debug|Any CPU
		{4AAEFC53-E5D7-4C52-85CD-8720459EB0CC}.Release|Any CPU.ActiveCfg = Release|Any CPU
		{4AAEFC53-E5D7-4C52-85CD-8720459EB0CC}.Release|Any CPU.Build.0 = Release|Any CPU
	EndGlobalSection
	GlobalSection(SolutionProperties) = preSolution
		HideSolutionNode = FALSE
	EndGlobalSection
	GlobalSection(ExtensibilityGlobals) = postSolution
		SolutionGuid = {E8D1C4FB-2410-4E34-A108-1868F8F6BDE6}
	EndGlobalSection
EndGlobal
