
Microsoft Visual Studio Solution File, Format Version 12.00
# Visual Studio 15
VisualStudioVersion = 15.0.28010.2048
MinimumVisualStudioVersion = 10.0.40219.1
Project("{9A19103F-16F7-4668-BE54-9A1E7A4F7556}") = "Torq.Models", "Torq.Models\Torq.Models.csproj", "{B55C899B-B08A-430E-9DE2-AB084771547C}"
EndProject
Project("{FAE04EC0-301F-11D3-BF4B-00C04F79EFBC}") = "Torg.DataAccess", "Torg.DataAccess\Torg.DataAccess.csproj", "{31FE73E4-B56B-4B8C-887E-4DFF27512157}"
EndProject
Global
	GlobalSection(SolutionConfigurationPlatforms) = preSolution
		Debug|Any CPU = Debug|Any CPU
		Release|Any CPU = Release|Any CPU
	EndGlobalSection
	GlobalSection(ProjectConfigurationPlatforms) = postSolution
		{B55C899B-B08A-430E-9DE2-AB084771547C}.Debug|Any CPU.ActiveCfg = Debug|Any CPU
		{B55C899B-B08A-430E-9DE2-AB084771547C}.Debug|Any CPU.Build.0 = Debug|Any CPU
		{B55C899B-B08A-430E-9DE2-AB084771547C}.Release|Any CPU.ActiveCfg = Release|Any CPU
		{B55C899B-B08A-430E-9DE2-AB084771547C}.Release|Any CPU.Build.0 = Release|Any CPU
		{31FE73E4-B56B-4B8C-887E-4DFF27512157}.Debug|Any CPU.ActiveCfg = Debug|Any CPU
		{31FE73E4-B56B-4B8C-887E-4DFF27512157}.Debug|Any CPU.Build.0 = Debug|Any CPU
		{31FE73E4-B56B-4B8C-887E-4DFF27512157}.Release|Any CPU.ActiveCfg = Release|Any CPU
		{31FE73E4-B56B-4B8C-887E-4DFF27512157}.Release|Any CPU.Build.0 = Release|Any CPU
	EndGlobalSection
	GlobalSection(SolutionProperties) = preSolution
		HideSolutionNode = FALSE
	EndGlobalSection
	GlobalSection(ExtensibilityGlobals) = postSolution
		SolutionGuid = {E8D1C4FB-2410-4E34-A108-1868F8F6BDE6}
	EndGlobalSection
EndGlobal
